# THIS IS AN AUTOGENERATED FILE. DO NOT EDIT THIS FILE DIRECTLY.
# yarn lockfile v1


"@prisma/photon@^2.0.0-preview019":
  version "2.0.0-preview019"
  resolved "https://registry.yarnpkg.com/@prisma/photon/-/photon-2.0.0-preview019.tgz#cd083628f668fbdc4ab8f7d15cd8a33b83a997a3"
  integrity sha512-fAqVbg2nxzk2B5h6Z6BgsApD3iRbWGMDKTsa8WDtH3fsrZc07HbGGc9HM5kNYUAPAKYSWJCr7no2W+c8Q87sRQ==

prisma2@^2.0.0-preview019:
  version "2.0.0-preview019"
  resolved "https://registry.yarnpkg.com/prisma2/-/prisma2-2.0.0-preview019.tgz#d0d2bafad041071fa59400eb04e41b21de68aac6"
  integrity sha512-G/+3ZqcEfO0Sn93Z8BoErIXLhMI7xKMOhfbLeNjso7/n3o4MiRmjO5sS3dFkxHc/VBlyTjJFtNyMOsgAkiP6ng==
